
Microsoft Visual Studio Solution File, Format Version 12.00
# Visual Studio Version 16
VisualStudioVersion = 16.0.31313.79
MinimumVisualStudioVersion = 10.0.40219.1
Project("{FAE04EC0-301F-11D3-BF4B-00C04F79EFBC}") = "NFS", "NFS\NFS.csproj", "{C302FB1F-BFD9-466C-993C-D47EE9D21210}"
EndProject
Global
	GlobalSection(SolutionConfigurationPlatforms) = preSolution
		Debug|Any CPU = Debug|Any CPU
		Release|Any CPU = Release|Any CPU
	EndGlobalSection
	GlobalSection(ProjectConfigurationPlatforms) = postSolution
		{C302FB1F-BFD9-466C-993C-D47EE9D21210}.Debug|Any CPU.ActiveCfg = Debug|Any CPU
		{C302FB1F-BFD9-466C-993C-D47EE9D21210}.Debug|Any CPU.Build.0 = Debug|Any CPU
		{C302FB1F-BFD9-466C-993C-D47EE9D21210}.Release|Any CPU.ActiveCfg = Release|Any CPU
		{C302FB1F-BFD9-466C-993C-D47EE9D21210}.Release|Any CPU.Build.0 = Release|Any CPU
	EndGlobalSection
	GlobalSection(SolutionProperties) = preSolution
		HideSolutionNode = FALSE
	EndGlobalSection
	GlobalSection(ExtensibilityGlobals) = postSolution
		SolutionGuid = {2FDF5B87-EC0B-4355-8E82-190173A4BE2F}
	EndGlobalSection
EndGlobal
